
Microsoft Visual Studio Solution File, Format Version 12.00
# Visual Studio Version 16
VisualStudioVersion = 16.0.30523.141
MinimumVisualStudioVersion = 10.0.40219.1
Project("{8BC9CEB8-8B4A-11D0-8D11-00A0C91BC942}") = "lab 5.1", "lab 5.1\lab 5.1.vcxproj", "{CA43BABF-F1C3-4A89-8A66-C6DB4C87C22D}"
EndProject
Project("{8BC9CEB8-8B4A-11D0-8D11-00A0C91BC942}") = "UnitTestfor5.1", "UnitTestfor5.1\UnitTestfor5.1.vcxproj", "{26C2E96B-FD5F-44A9-957F-A865C6398C55}"
EndProject
Global
	GlobalSection(SolutionConfigurationPlatforms) = preSolution
		Debug|x64 = Debug|x64
		Debug|x86 = Debug|x86
		Release|x64 = Release|x64
		Release|x86 = Release|x86
	EndGlobalSection
	GlobalSection(ProjectConfigurationPlatforms) = postSolution
		{CA43BABF-F1C3-4A89-8A66-C6DB4C87C22D}.Debug|x64.ActiveCfg = Debug|x64
		{CA43BABF-F1C3-4A89-8A66-C6DB4C87C22D}.Debug|x64.Build.0 = Debug|x64
		{CA43BABF-F1C3-4A89-8A66-C6DB4C87C22D}.Debug|x86.ActiveCfg = Debug|Win32
		{CA43BABF-F1C3-4A89-8A66-C6DB4C87C22D}.Debug|x86.Build.0 = Debug|Win32
		{CA43BABF-F1C3-4A89-8A66-C6DB4C87C22D}.Release|x64.ActiveCfg = Release|x64
		{CA43BABF-F1C3-4A89-8A66-C6DB4C87C22D}.Release|x64.Build.0 = Release|x64
		{CA43BABF-F1C3-4A89-8A66-C6DB4C87C22D}.Release|x86.ActiveCfg = Release|Win32
		{CA43BABF-F1C3-4A89-8A66-C6DB4C87C22D}.Release|x86.Build.0 = Release|Win32
		{26C2E96B-FD5F-44A9-957F-A865C6398C55}.Debug|x64.ActiveCfg = Debug|x64
		{26C2E96B-FD5F-44A9-957F-A865C6398C55}.Debug|x64.Build.0 = Debug|x64
		{26C2E96B-FD5F-44A9-957F-A865C6398C55}.Debug|x86.ActiveCfg = Debug|Win32
		{26C2E96B-FD5F-44A9-957F-A865C6398C55}.Debug|x86.Build.0 = Debug|Win32
		{26C2E96B-FD5F-44A9-957F-A865C6398C55}.Release|x64.ActiveCfg = Release|x64
		{26C2E96B-FD5F-44A9-957F-A865C6398C55}.Release|x64.Build.0 = Release|x64
		{26C2E96B-FD5F-44A9-957F-A865C6398C55}.Release|x86.ActiveCfg = Release|Win32
		{26C2E96B-FD5F-44A9-957F-A865C6398C55}.Release|x86.Build.0 = Release|Win32
	EndGlobalSection
	GlobalSection(SolutionProperties) = preSolution
		HideSolutionNode = FALSE
	EndGlobalSection
	GlobalSection(ExtensibilityGlobals) = postSolution
		SolutionGuid = {B236C710-C1E2-4076-875F-3F80B9C483E8}
	EndGlobalSection
EndGlobal
